
Microsoft Visual Studio Solution File, Format Version 12.00
# Visual Studio Version 17
VisualStudioVersion = 17.10.35004.147
MinimumVisualStudioVersion = 10.0.40219.1
Project("{FAE04EC0-301F-11D3-BF4B-00C04F79EFBC}") = "dulces", "dulces.csproj", "{B2A1F309-67E1-4445-A076-DD79634ED0D3}"
EndProject
Global
	GlobalSection(SolutionConfigurationPlatforms) = preSolution
		Debug|Any CPU = Debug|Any CPU
		Release|Any CPU = Release|Any CPU
	EndGlobalSection
	GlobalSection(ProjectConfigurationPlatforms) = postSolution
		{B2A1F309-67E1-4445-A076-DD79634ED0D3}.Debug|Any CPU.ActiveCfg = Debug|Any CPU
		{B2A1F309-67E1-4445-A076-DD79634ED0D3}.Debug|Any CPU.Build.0 = Debug|Any CPU
		{B2A1F309-67E1-4445-A076-DD79634ED0D3}.Release|Any CPU.ActiveCfg = Release|Any CPU
		{B2A1F309-67E1-4445-A076-DD79634ED0D3}.Release|Any CPU.Build.0 = Release|Any CPU
	EndGlobalSection
	GlobalSection(SolutionProperties) = preSolution
		HideSolutionNode = FALSE
	EndGlobalSection
	GlobalSection(ExtensibilityGlobals) = postSolution
		SolutionGuid = {D1725DD0-F1B8-4A30-AC88-152696932360}
	EndGlobalSection
EndGlobal
